
Microsoft Visual Studio Solution File, Format Version 12.00
# Visual Studio 2013
VisualStudioVersion = 12.0.21005.1
MinimumVisualStudioVersion = 10.0.40219.1
Project("{2150E333-8FDC-42A3-9474-1A3956D46DE8}") = ".nuget", ".nuget", "{FA2D6B1C-9F7D-44B7-A3E7-D28E66EB643F}"
	ProjectSection(SolutionItems) = preProject
		.nuget\NuGet.Config = .nuget\NuGet.Config
		.nuget\NuGet.exe = .nuget\NuGet.exe
		.nuget\NuGet.targets = .nuget\NuGet.targets
	EndProjectSection
EndProject
Project("{2150E333-8FDC-42A3-9474-1A3956D46DE8}") = "Testing", "Testing", "{23C972B5-DDA2-46A2-8C67-1FA596AC2796}"
EndProject
Project("{2150E333-8FDC-42A3-9474-1A3956D46DE8}") = "Solution Items", "Solution Items", "{8757B18D-E56B-4107-8DC6-8AEED133D69B}"
	ProjectSection(SolutionItems) = preProject
		FrameworkSolution.vsmdi = FrameworkSolution.vsmdi
		Local.testsettings = Local.testsettings
		TraceAndTestImpact.testsettings = TraceAndTestImpact.testsettings
	EndProjectSection
EndProject
Project("{FAE04EC0-301F-11D3-BF4B-00C04F79EFBC}") = "BeITMemcached", "BeITMemcached\BeITMemcached.csproj", "{4DF9D1A3-5E26-4600-AC33-568825F9AE19}"
EndProject
Project("{FAE04EC0-301F-11D3-BF4B-00C04F79EFBC}") = "JoyRuntime", "JoyRuntime\JoyRuntime.csproj", "{87BBEF9C-334D-4673-B567-E60D484C509F}"
EndProject
Project("{FAE04EC0-301F-11D3-BF4B-00C04F79EFBC}") = "OctopusEsb", "OctopusEsb\OctopusEsb.csproj", "{9E87CFCD-105A-4403-B9A1-CF801E95A81A}"
EndProject
Project("{FAE04EC0-301F-11D3-BF4B-00C04F79EFBC}") = "OctopusRuntime", "OctopusRuntime\OctopusRuntime.csproj", "{98C392AB-3422-4797-BFDA-FF35C2BEEBFC}"
EndProject
Project("{FAE04EC0-301F-11D3-BF4B-00C04F79EFBC}") = "OctopusBase", "OctopusBase\OctopusBase.csproj", "{A4F9A73B-0D3C-4950-9D98-628C13EDBA6B}"
EndProject
Project("{FAE04EC0-301F-11D3-BF4B-00C04F79EFBC}") = "ConsoleApplication1", "Testing\ConsoleApplication1\ConsoleApplication1.csproj", "{A290324D-3EEA-432B-8A21-250CA7BF55DB}"
EndProject
Project("{FAE04EC0-301F-11D3-BF4B-00C04F79EFBC}") = "TestProject1", "Testing\TestProject1\TestProject1.csproj", "{DBAA84D3-718E-4CE1-81ED-9FF011095605}"
EndProject
Project("{FAE04EC0-301F-11D3-BF4B-00C04F79EFBC}") = "ClassLibrary1", "Testing\ClassLibrary1\ClassLibrary1.csproj", "{34A2493E-41DD-4FB7-A828-086E10574744}"
EndProject
Global
	GlobalSection(SolutionConfigurationPlatforms) = preSolution
		Debug|Any CPU = Debug|Any CPU
		Debug|Mixed Platforms = Debug|Mixed Platforms
		Debug|x86 = Debug|x86
		PackageBeITMemcached|Any CPU = PackageBeITMemcached|Any CPU
		PackageBeITMemcached|Mixed Platforms = PackageBeITMemcached|Mixed Platforms
		PackageBeITMemcached|x86 = PackageBeITMemcached|x86
		PackageJoyRuntime|Any CPU = PackageJoyRuntime|Any CPU
		PackageJoyRuntime|Mixed Platforms = PackageJoyRuntime|Mixed Platforms
		PackageJoyRuntime|x86 = PackageJoyRuntime|x86
		PackageOctopusBase|Any CPU = PackageOctopusBase|Any CPU
		PackageOctopusBase|Mixed Platforms = PackageOctopusBase|Mixed Platforms
		PackageOctopusBase|x86 = PackageOctopusBase|x86
		PackageOctopusEsb|Any CPU = PackageOctopusEsb|Any CPU
		PackageOctopusEsb|Mixed Platforms = PackageOctopusEsb|Mixed Platforms
		PackageOctopusEsb|x86 = PackageOctopusEsb|x86
		PackageOctopusRuntime|Any CPU = PackageOctopusRuntime|Any CPU
		PackageOctopusRuntime|Mixed Platforms = PackageOctopusRuntime|Mixed Platforms
		PackageOctopusRuntime|x86 = PackageOctopusRuntime|x86
		Release|Any CPU = Release|Any CPU
		Release|Mixed Platforms = Release|Mixed Platforms
		Release|x86 = Release|x86
	EndGlobalSection
	GlobalSection(ProjectConfigurationPlatforms) = postSolution
		{4DF9D1A3-5E26-4600-AC33-568825F9AE19}.Debug|Any CPU.ActiveCfg = Debug|Any CPU
		{4DF9D1A3-5E26-4600-AC33-568825F9AE19}.Debug|Any CPU.Build.0 = Debug|Any CPU
		{4DF9D1A3-5E26-4600-AC33-568825F9AE19}.Debug|Mixed Platforms.ActiveCfg = Debug|Any CPU
		{4DF9D1A3-5E26-4600-AC33-568825F9AE19}.Debug|Mixed Platforms.Build.0 = Debug|Any CPU
		{4DF9D1A3-5E26-4600-AC33-568825F9AE19}.Debug|x86.ActiveCfg = Debug|Any CPU
		{4DF9D1A3-5E26-4600-AC33-568825F9AE19}.PackageBeITMemcached|Any CPU.ActiveCfg = Release|Any CPU
		{4DF9D1A3-5E26-4600-AC33-568825F9AE19}.PackageBeITMemcached|Any CPU.Build.0 = Release|Any CPU
		{4DF9D1A3-5E26-4600-AC33-568825F9AE19}.PackageBeITMemcached|Mixed Platforms.ActiveCfg = Release|Any CPU
		{4DF9D1A3-5E26-4600-AC33-568825F9AE19}.PackageBeITMemcached|Mixed Platforms.Build.0 = Release|Any CPU
		{4DF9D1A3-5E26-4600-AC33-568825F9AE19}.PackageBeITMemcached|x86.ActiveCfg = Release|Any CPU
		{4DF9D1A3-5E26-4600-AC33-568825F9AE19}.PackageJoyRuntime|Any CPU.ActiveCfg = Release|Any CPU
		{4DF9D1A3-5E26-4600-AC33-568825F9AE19}.PackageJoyRuntime|Mixed Platforms.ActiveCfg = Release|Any CPU
		{4DF9D1A3-5E26-4600-AC33-568825F9AE19}.PackageJoyRuntime|Mixed Platforms.Build.0 = Release|Any CPU
		{4DF9D1A3-5E26-4600-AC33-568825F9AE19}.PackageJoyRuntime|x86.ActiveCfg = Release|Any CPU
		{4DF9D1A3-5E26-4600-AC33-568825F9AE19}.PackageOctopusBase|Any CPU.ActiveCfg = Release|Any CPU
		{4DF9D1A3-5E26-4600-AC33-568825F9AE19}.PackageOctopusBase|Mixed Platforms.ActiveCfg = Release|Any CPU
		{4DF9D1A3-5E26-4600-AC33-568825F9AE19}.PackageOctopusBase|Mixed Platforms.Build.0 = Release|Any CPU
		{4DF9D1A3-5E26-4600-AC33-568825F9AE19}.PackageOctopusBase|x86.ActiveCfg = Release|Any CPU
		{4DF9D1A3-5E26-4600-AC33-568825F9AE19}.PackageOctopusEsb|Any CPU.ActiveCfg = Release|Any CPU
		{4DF9D1A3-5E26-4600-AC33-568825F9AE19}.PackageOctopusEsb|Mixed Platforms.ActiveCfg = Release|Any CPU
		{4DF9D1A3-5E26-4600-AC33-568825F9AE19}.PackageOctopusEsb|Mixed Platforms.Build.0 = Release|Any CPU
		{4DF9D1A3-5E26-4600-AC33-568825F9AE19}.PackageOctopusEsb|x86.ActiveCfg = Release|Any CPU
		{4DF9D1A3-5E26-4600-AC33-568825F9AE19}.PackageOctopusRuntime|Any CPU.ActiveCfg = Release|Any CPU
		{4DF9D1A3-5E26-4600-AC33-568825F9AE19}.PackageOctopusRuntime|Mixed Platforms.ActiveCfg = Release|Any CPU
		{4DF9D1A3-5E26-4600-AC33-568825F9AE19}.PackageOctopusRuntime|Mixed Platforms.Build.0 = Release|Any CPU
		{4DF9D1A3-5E26-4600-AC33-568825F9AE19}.PackageOctopusRuntime|x86.ActiveCfg = Release|Any CPU
		{4DF9D1A3-5E26-4600-AC33-568825F9AE19}.Release|Any CPU.ActiveCfg = Release|Any CPU
		{4DF9D1A3-5E26-4600-AC33-568825F9AE19}.Release|Any CPU.Build.0 = Release|Any CPU
		{4DF9D1A3-5E26-4600-AC33-568825F9AE19}.Release|Mixed Platforms.ActiveCfg = Release|Any CPU
		{4DF9D1A3-5E26-4600-AC33-568825F9AE19}.Release|Mixed Platforms.Build.0 = Release|Any CPU
		{4DF9D1A3-5E26-4600-AC33-568825F9AE19}.Release|x86.ActiveCfg = Release|Any CPU
		{87BBEF9C-334D-4673-B567-E60D484C509F}.Debug|Any CPU.ActiveCfg = Debug|Any CPU
		{87BBEF9C-334D-4673-B567-E60D484C509F}.Debug|Any CPU.Build.0 = Debug|Any CPU
		{87BBEF9C-334D-4673-B567-E60D484C509F}.Debug|Mixed Platforms.ActiveCfg = Debug|Any CPU
		{87BBEF9C-334D-4673-B567-E60D484C509F}.Debug|Mixed Platforms.Build.0 = Debug|Any CPU
		{87BBEF9C-334D-4673-B567-E60D484C509F}.Debug|x86.ActiveCfg = Debug|Any CPU
		{87BBEF9C-334D-4673-B567-E60D484C509F}.PackageBeITMemcached|Any CPU.ActiveCfg = Release|Any CPU
		{87BBEF9C-334D-4673-B567-E60D484C509F}.PackageBeITMemcached|Mixed Platforms.ActiveCfg = Release|Any CPU
		{87BBEF9C-334D-4673-B567-E60D484C509F}.PackageBeITMemcached|Mixed Platforms.Build.0 = Release|Any CPU
		{87BBEF9C-334D-4673-B567-E60D484C509F}.PackageBeITMemcached|x86.ActiveCfg = Release|Any CPU
		{87BBEF9C-334D-4673-B567-E60D484C509F}.PackageJoyRuntime|Any CPU.ActiveCfg = Release|Any CPU
		{87BBEF9C-334D-4673-B567-E60D484C509F}.PackageJoyRuntime|Any CPU.Build.0 = Release|Any CPU
		{87BBEF9C-334D-4673-B567-E60D484C509F}.PackageJoyRuntime|Mixed Platforms.ActiveCfg = Release|Any CPU
		{87BBEF9C-334D-4673-B567-E60D484C509F}.PackageJoyRuntime|Mixed Platforms.Build.0 = Release|Any CPU
		{87BBEF9C-334D-4673-B567-E60D484C509F}.PackageJoyRuntime|x86.ActiveCfg = Release|Any CPU
		{87BBEF9C-334D-4673-B567-E60D484C509F}.PackageOctopusBase|Any CPU.ActiveCfg = Release|Any CPU
		{87BBEF9C-334D-4673-B567-E60D484C509F}.PackageOctopusBase|Mixed Platforms.ActiveCfg = Release|Any CPU
		{87BBEF9C-334D-4673-B567-E60D484C509F}.PackageOctopusBase|Mixed Platforms.Build.0 = Release|Any CPU
		{87BBEF9C-334D-4673-B567-E60D484C509F}.PackageOctopusBase|x86.ActiveCfg = Release|Any CPU
		{87BBEF9C-334D-4673-B567-E60D484C509F}.PackageOctopusEsb|Any CPU.ActiveCfg = Release|Any CPU
		{87BBEF9C-334D-4673-B567-E60D484C509F}.PackageOctopusEsb|Mixed Platforms.ActiveCfg = Release|Any CPU
		{87BBEF9C-334D-4673-B567-E60D484C509F}.PackageOctopusEsb|Mixed Platforms.Build.0 = Release|Any CPU
		{87BBEF9C-334D-4673-B567-E60D484C509F}.PackageOctopusEsb|x86.ActiveCfg = Release|Any CPU
		{87BBEF9C-334D-4673-B567-E60D484C509F}.PackageOctopusRuntime|Any CPU.ActiveCfg = Release|Any CPU
		{87BBEF9C-334D-4673-B567-E60D484C509F}.PackageOctopusRuntime|Mixed Platforms.ActiveCfg = Release|Any CPU
		{87BBEF9C-334D-4673-B567-E60D484C509F}.PackageOctopusRuntime|Mixed Platforms.Build.0 = Release|Any CPU
		{87BBEF9C-334D-4673-B567-E60D484C509F}.PackageOctopusRuntime|x86.ActiveCfg = Release|Any CPU
		{87BBEF9C-334D-4673-B567-E60D484C509F}.Release|Any CPU.ActiveCfg = Release|Any CPU
		{87BBEF9C-334D-4673-B567-E60D484C509F}.Release|Any CPU.Build.0 = Release|Any CPU
		{87BBEF9C-334D-4673-B567-E60D484C509F}.Release|Mixed Platforms.ActiveCfg = Release|Any CPU
		{87BBEF9C-334D-4673-B567-E60D484C509F}.Release|Mixed Platforms.Build.0 = Release|Any CPU
		{87BBEF9C-334D-4673-B567-E60D484C509F}.Release|x86.ActiveCfg = Release|Any CPU
		{9E87CFCD-105A-4403-B9A1-CF801E95A81A}.Debug|Any CPU.ActiveCfg = Debug|Any CPU
		{9E87CFCD-105A-4403-B9A1-CF801E95A81A}.Debug|Any CPU.Build.0 = Debug|Any CPU
		{9E87CFCD-105A-4403-B9A1-CF801E95A81A}.Debug|Mixed Platforms.ActiveCfg = Debug|Any CPU
		{9E87CFCD-105A-4403-B9A1-CF801E95A81A}.Debug|Mixed Platforms.Build.0 = Debug|Any CPU
		{9E87CFCD-105A-4403-B9A1-CF801E95A81A}.Debug|x86.ActiveCfg = Debug|Any CPU
		{9E87CFCD-105A-4403-B9A1-CF801E95A81A}.PackageBeITMemcached|Any CPU.ActiveCfg = Release|Any CPU
		{9E87CFCD-105A-4403-B9A1-CF801E95A81A}.PackageBeITMemcached|Mixed Platforms.ActiveCfg = Release|Any CPU
		{9E87CFCD-105A-4403-B9A1-CF801E95A81A}.PackageBeITMemcached|Mixed Platforms.Build.0 = Release|Any CPU
		{9E87CFCD-105A-4403-B9A1-CF801E95A81A}.PackageBeITMemcached|x86.ActiveCfg = Release|Any CPU
		{9E87CFCD-105A-4403-B9A1-CF801E95A81A}.PackageJoyRuntime|Any CPU.ActiveCfg = Release|Any CPU
		{9E87CFCD-105A-4403-B9A1-CF801E95A81A}.PackageJoyRuntime|Mixed Platforms.ActiveCfg = Release|Any CPU
		{9E87CFCD-105A-4403-B9A1-CF801E95A81A}.PackageJoyRuntime|Mixed Platforms.Build.0 = Release|Any CPU
		{9E87CFCD-105A-4403-B9A1-CF801E95A81A}.PackageJoyRuntime|x86.ActiveCfg = Release|Any CPU
		{9E87CFCD-105A-4403-B9A1-CF801E95A81A}.PackageOctopusBase|Any CPU.ActiveCfg = Release|Any CPU
		{9E87CFCD-105A-4403-B9A1-CF801E95A81A}.PackageOctopusBase|Mixed Platforms.ActiveCfg = Release|Any CPU
		{9E87CFCD-105A-4403-B9A1-CF801E95A81A}.PackageOctopusBase|Mixed Platforms.Build.0 = Release|Any CPU
		{9E87CFCD-105A-4403-B9A1-CF801E95A81A}.PackageOctopusBase|x86.ActiveCfg = Release|Any CPU
		{9E87CFCD-105A-4403-B9A1-CF801E95A81A}.PackageOctopusEsb|Any CPU.ActiveCfg = Release|Any CPU
		{9E87CFCD-105A-4403-B9A1-CF801E95A81A}.PackageOctopusEsb|Any CPU.Build.0 = Release|Any CPU
		{9E87CFCD-105A-4403-B9A1-CF801E95A81A}.PackageOctopusEsb|Mixed Platforms.ActiveCfg = Release|Any CPU
		{9E87CFCD-105A-4403-B9A1-CF801E95A81A}.PackageOctopusEsb|Mixed Platforms.Build.0 = Release|Any CPU
		{9E87CFCD-105A-4403-B9A1-CF801E95A81A}.PackageOctopusEsb|x86.ActiveCfg = Release|Any CPU
		{9E87CFCD-105A-4403-B9A1-CF801E95A81A}.PackageOctopusRuntime|Any CPU.ActiveCfg = Release|Any CPU
		{9E87CFCD-105A-4403-B9A1-CF801E95A81A}.PackageOctopusRuntime|Mixed Platforms.ActiveCfg = Release|Any CPU
		{9E87CFCD-105A-4403-B9A1-CF801E95A81A}.PackageOctopusRuntime|Mixed Platforms.Build.0 = Release|Any CPU
		{9E87CFCD-105A-4403-B9A1-CF801E95A81A}.PackageOctopusRuntime|x86.ActiveCfg = Release|Any CPU
		{9E87CFCD-105A-4403-B9A1-CF801E95A81A}.Release|Any CPU.ActiveCfg = Release|Any CPU
		{9E87CFCD-105A-4403-B9A1-CF801E95A81A}.Release|Any CPU.Build.0 = Release|Any CPU
		{9E87CFCD-105A-4403-B9A1-CF801E95A81A}.Release|Mixed Platforms.ActiveCfg = Release|Any CPU
		{9E87CFCD-105A-4403-B9A1-CF801E95A81A}.Release|Mixed Platforms.Build.0 = Release|Any CPU
		{9E87CFCD-105A-4403-B9A1-CF801E95A81A}.Release|x86.ActiveCfg = Release|Any CPU
		{98C392AB-3422-4797-BFDA-FF35C2BEEBFC}.Debug|Any CPU.ActiveCfg = Debug|Any CPU
		{98C392AB-3422-4797-BFDA-FF35C2BEEBFC}.Debug|Any CPU.Build.0 = Debug|Any CPU
		{98C392AB-3422-4797-BFDA-FF35C2BEEBFC}.Debug|Mixed Platforms.ActiveCfg = Debug|Any CPU
		{98C392AB-3422-4797-BFDA-FF35C2BEEBFC}.Debug|Mixed Platforms.Build.0 = Debug|Any CPU
		{98C392AB-3422-4797-BFDA-FF35C2BEEBFC}.Debug|x86.ActiveCfg = Debug|Any CPU
		{98C392AB-3422-4797-BFDA-FF35C2BEEBFC}.PackageBeITMemcached|Any CPU.ActiveCfg = Release|Any CPU
		{98C392AB-3422-4797-BFDA-FF35C2BEEBFC}.PackageBeITMemcached|Mixed Platforms.ActiveCfg = Release|Any CPU
		{98C392AB-3422-4797-BFDA-FF35C2BEEBFC}.PackageBeITMemcached|Mixed Platforms.Build.0 = Release|Any CPU
		{98C392AB-3422-4797-BFDA-FF35C2BEEBFC}.PackageBeITMemcached|x86.ActiveCfg = Release|Any CPU
		{98C392AB-3422-4797-BFDA-FF35C2BEEBFC}.PackageJoyRuntime|Any CPU.ActiveCfg = Release|Any CPU
		{98C392AB-3422-4797-BFDA-FF35C2BEEBFC}.PackageJoyRuntime|Mixed Platforms.ActiveCfg = Release|Any CPU
		{98C392AB-3422-4797-BFDA-FF35C2BEEBFC}.PackageJoyRuntime|Mixed Platforms.Build.0 = Release|Any CPU
		{98C392AB-3422-4797-BFDA-FF35C2BEEBFC}.PackageJoyRuntime|x86.ActiveCfg = Release|Any CPU
		{98C392AB-3422-4797-BFDA-FF35C2BEEBFC}.PackageOctopusBase|Any CPU.ActiveCfg = Release|Any CPU
		{98C392AB-3422-4797-BFDA-FF35C2BEEBFC}.PackageOctopusBase|Mixed Platforms.ActiveCfg = Release|Any CPU
		{98C392AB-3422-4797-BFDA-FF35C2BEEBFC}.PackageOctopusBase|Mixed Platforms.Build.0 = Release|Any CPU
		{98C392AB-3422-4797-BFDA-FF35C2BEEBFC}.PackageOctopusBase|x86.ActiveCfg = Release|Any CPU
		{98C392AB-3422-4797-BFDA-FF35C2BEEBFC}.PackageOctopusEsb|Any CPU.ActiveCfg = Release|Any CPU
		{98C392AB-3422-4797-BFDA-FF35C2BEEBFC}.PackageOctopusEsb|Mixed Platforms.ActiveCfg = Release|Any CPU
		{98C392AB-3422-4797-BFDA-FF35C2BEEBFC}.PackageOctopusEsb|Mixed Platforms.Build.0 = Release|Any CPU
		{98C392AB-3422-4797-BFDA-FF35C2BEEBFC}.PackageOctopusEsb|x86.ActiveCfg = Release|Any CPU
		{98C392AB-3422-4797-BFDA-FF35C2BEEBFC}.PackageOctopusRuntime|Any CPU.ActiveCfg = Release|Any CPU
		{98C392AB-3422-4797-BFDA-FF35C2BEEBFC}.PackageOctopusRuntime|Any CPU.Build.0 = Release|Any CPU
		{98C392AB-3422-4797-BFDA-FF35C2BEEBFC}.PackageOctopusRuntime|Mixed Platforms.ActiveCfg = Release|Any CPU
		{98C392AB-3422-4797-BFDA-FF35C2BEEBFC}.PackageOctopusRuntime|Mixed Platforms.Build.0 = Release|Any CPU
		{98C392AB-3422-4797-BFDA-FF35C2BEEBFC}.PackageOctopusRuntime|x86.ActiveCfg = Release|Any CPU
		{98C392AB-3422-4797-BFDA-FF35C2BEEBFC}.Release|Any CPU.ActiveCfg = Release|Any CPU
		{98C392AB-3422-4797-BFDA-FF35C2BEEBFC}.Release|Any CPU.Build.0 = Release|Any CPU
		{98C392AB-3422-4797-BFDA-FF35C2BEEBFC}.Release|Mixed Platforms.ActiveCfg = Release|Any CPU
		{98C392AB-3422-4797-BFDA-FF35C2BEEBFC}.Release|Mixed Platforms.Build.0 = Release|Any CPU
		{98C392AB-3422-4797-BFDA-FF35C2BEEBFC}.Release|x86.ActiveCfg = Release|Any CPU
		{A4F9A73B-0D3C-4950-9D98-628C13EDBA6B}.Debug|Any CPU.ActiveCfg = Debug|Any CPU
		{A4F9A73B-0D3C-4950-9D98-628C13EDBA6B}.Debug|Any CPU.Build.0 = Debug|Any CPU
		{A4F9A73B-0D3C-4950-9D98-628C13EDBA6B}.Debug|Mixed Platforms.ActiveCfg = Debug|Any CPU
		{A4F9A73B-0D3C-4950-9D98-628C13EDBA6B}.Debug|Mixed Platforms.Build.0 = Debug|Any CPU
		{A4F9A73B-0D3C-4950-9D98-628C13EDBA6B}.Debug|x86.ActiveCfg = Debug|Any CPU
		{A4F9A73B-0D3C-4950-9D98-628C13EDBA6B}.PackageBeITMemcached|Any CPU.ActiveCfg = Release|Any CPU
		{A4F9A73B-0D3C-4950-9D98-628C13EDBA6B}.PackageBeITMemcached|Mixed Platforms.ActiveCfg = Release|Any CPU
		{A4F9A73B-0D3C-4950-9D98-628C13EDBA6B}.PackageBeITMemcached|Mixed Platforms.Build.0 = Release|Any CPU
		{A4F9A73B-0D3C-4950-9D98-628C13EDBA6B}.PackageBeITMemcached|x86.ActiveCfg = Release|Any CPU
		{A4F9A73B-0D3C-4950-9D98-628C13EDBA6B}.PackageJoyRuntime|Any CPU.ActiveCfg = Release|Any CPU
		{A4F9A73B-0D3C-4950-9D98-628C13EDBA6B}.PackageJoyRuntime|Mixed Platforms.ActiveCfg = Release|Any CPU
		{A4F9A73B-0D3C-4950-9D98-628C13EDBA6B}.PackageJoyRuntime|Mixed Platforms.Build.0 = Release|Any CPU
		{A4F9A73B-0D3C-4950-9D98-628C13EDBA6B}.PackageJoyRuntime|x86.ActiveCfg = Release|Any CPU
		{A4F9A73B-0D3C-4950-9D98-628C13EDBA6B}.PackageOctopusBase|Any CPU.ActiveCfg = Release|Any CPU
		{A4F9A73B-0D3C-4950-9D98-628C13EDBA6B}.PackageOctopusBase|Any CPU.Build.0 = Release|Any CPU
		{A4F9A73B-0D3C-4950-9D98-628C13EDBA6B}.PackageOctopusBase|Mixed Platforms.ActiveCfg = Release|Any CPU
		{A4F9A73B-0D3C-4950-9D98-628C13EDBA6B}.PackageOctopusBase|Mixed Platforms.Build.0 = Release|Any CPU
		{A4F9A73B-0D3C-4950-9D98-628C13EDBA6B}.PackageOctopusBase|x86.ActiveCfg = Release|Any CPU
		{A4F9A73B-0D3C-4950-9D98-628C13EDBA6B}.PackageOctopusEsb|Any CPU.ActiveCfg = Release|Any CPU
		{A4F9A73B-0D3C-4950-9D98-628C13EDBA6B}.PackageOctopusEsb|Mixed Platforms.ActiveCfg = Release|Any CPU
		{A4F9A73B-0D3C-4950-9D98-628C13EDBA6B}.PackageOctopusEsb|Mixed Platforms.Build.0 = Release|Any CPU
		{A4F9A73B-0D3C-4950-9D98-628C13EDBA6B}.PackageOctopusEsb|x86.ActiveCfg = Release|Any CPU
		{A4F9A73B-0D3C-4950-9D98-628C13EDBA6B}.PackageOctopusRuntime|Any CPU.ActiveCfg = Release|Any CPU
		{A4F9A73B-0D3C-4950-9D98-628C13EDBA6B}.PackageOctopusRuntime|Mixed Platforms.ActiveCfg = Release|Any CPU
		{A4F9A73B-0D3C-4950-9D98-628C13EDBA6B}.PackageOctopusRuntime|Mixed Platforms.Build.0 = Release|Any CPU
		{A4F9A73B-0D3C-4950-9D98-628C13EDBA6B}.PackageOctopusRuntime|x86.ActiveCfg = Release|Any CPU
		{A4F9A73B-0D3C-4950-9D98-628C13EDBA6B}.Release|Any CPU.ActiveCfg = Release|Any CPU
		{A4F9A73B-0D3C-4950-9D98-628C13EDBA6B}.Release|Any CPU.Build.0 = Release|Any CPU
		{A4F9A73B-0D3C-4950-9D98-628C13EDBA6B}.Release|Mixed Platforms.ActiveCfg = Release|Any CPU
		{A4F9A73B-0D3C-4950-9D98-628C13EDBA6B}.Release|Mixed Platforms.Build.0 = Release|Any CPU
		{A4F9A73B-0D3C-4950-9D98-628C13EDBA6B}.Release|x86.ActiveCfg = Release|Any CPU
		{A290324D-3EEA-432B-8A21-250CA7BF55DB}.Debug|Any CPU.ActiveCfg = Debug|x86
		{A290324D-3EEA-432B-8A21-250CA7BF55DB}.Debug|Mixed Platforms.ActiveCfg = Debug|x86
		{A290324D-3EEA-432B-8A21-250CA7BF55DB}.Debug|Mixed Platforms.Build.0 = Debug|x86
		{A290324D-3EEA-432B-8A21-250CA7BF55DB}.Debug|x86.ActiveCfg = Debug|x86
		{A290324D-3EEA-432B-8A21-250CA7BF55DB}.Debug|x86.Build.0 = Debug|x86
		{A290324D-3EEA-432B-8A21-250CA7BF55DB}.PackageBeITMemcached|Any CPU.ActiveCfg = Release|x86
		{A290324D-3EEA-432B-8A21-250CA7BF55DB}.PackageBeITMemcached|Mixed Platforms.ActiveCfg = Release|x86
		{A290324D-3EEA-432B-8A21-250CA7BF55DB}.PackageBeITMemcached|Mixed Platforms.Build.0 = Release|x86
		{A290324D-3EEA-432B-8A21-250CA7BF55DB}.PackageBeITMemcached|x86.ActiveCfg = Release|x86
		{A290324D-3EEA-432B-8A21-250CA7BF55DB}.PackageBeITMemcached|x86.Build.0 = Release|x86
		{A290324D-3EEA-432B-8A21-250CA7BF55DB}.PackageJoyRuntime|Any CPU.ActiveCfg = Release|x86
		{A290324D-3EEA-432B-8A21-250CA7BF55DB}.PackageJoyRuntime|Mixed Platforms.ActiveCfg = Release|x86
		{A290324D-3EEA-432B-8A21-250CA7BF55DB}.PackageJoyRuntime|Mixed Platforms.Build.0 = Release|x86
		{A290324D-3EEA-432B-8A21-250CA7BF55DB}.PackageJoyRuntime|x86.ActiveCfg = Release|x86
		{A290324D-3EEA-432B-8A21-250CA7BF55DB}.PackageJoyRuntime|x86.Build.0 = Release|x86
		{A290324D-3EEA-432B-8A21-250CA7BF55DB}.PackageOctopusBase|Any CPU.ActiveCfg = Release|x86
		{A290324D-3EEA-432B-8A21-250CA7BF55DB}.PackageOctopusBase|Mixed Platforms.ActiveCfg = Release|x86
		{A290324D-3EEA-432B-8A21-250CA7BF55DB}.PackageOctopusBase|Mixed Platforms.Build.0 = Release|x86
		{A290324D-3EEA-432B-8A21-250CA7BF55DB}.PackageOctopusBase|x86.ActiveCfg = Release|x86
		{A290324D-3EEA-432B-8A21-250CA7BF55DB}.PackageOctopusBase|x86.Build.0 = Release|x86
		{A290324D-3EEA-432B-8A21-250CA7BF55DB}.PackageOctopusEsb|Any CPU.ActiveCfg = Release|x86
		{A290324D-3EEA-432B-8A21-250CA7BF55DB}.PackageOctopusEsb|Mixed Platforms.ActiveCfg = Release|x86
		{A290324D-3EEA-432B-8A21-250CA7BF55DB}.PackageOctopusEsb|Mixed Platforms.Build.0 = Release|x86
		{A290324D-3EEA-432B-8A21-250CA7BF55DB}.PackageOctopusEsb|x86.ActiveCfg = Release|x86
		{A290324D-3EEA-432B-8A21-250CA7BF55DB}.PackageOctopusEsb|x86.Build.0 = Release|x86
		{A290324D-3EEA-432B-8A21-250CA7BF55DB}.PackageOctopusRuntime|Any CPU.ActiveCfg = Release|x86
		{A290324D-3EEA-432B-8A21-250CA7BF55DB}.PackageOctopusRuntime|Mixed Platforms.ActiveCfg = Release|x86
		{A290324D-3EEA-432B-8A21-250CA7BF55DB}.PackageOctopusRuntime|Mixed Platforms.Build.0 = Release|x86
		{A290324D-3EEA-432B-8A21-250CA7BF55DB}.PackageOctopusRuntime|x86.ActiveCfg = Release|x86
		{A290324D-3EEA-432B-8A21-250CA7BF55DB}.PackageOctopusRuntime|x86.Build.0 = Release|x86
		{A290324D-3EEA-432B-8A21-250CA7BF55DB}.Release|Any CPU.ActiveCfg = Release|x86
		{A290324D-3EEA-432B-8A21-250CA7BF55DB}.Release|Mixed Platforms.ActiveCfg = Release|x86
		{A290324D-3EEA-432B-8A21-250CA7BF55DB}.Release|Mixed Platforms.Build.0 = Release|x86
		{A290324D-3EEA-432B-8A21-250CA7BF55DB}.Release|x86.ActiveCfg = Release|x86
		{A290324D-3EEA-432B-8A21-250CA7BF55DB}.Release|x86.Build.0 = Release|x86
		{DBAA84D3-718E-4CE1-81ED-9FF011095605}.Debug|Any CPU.ActiveCfg = Debug|Any CPU
		{DBAA84D3-718E-4CE1-81ED-9FF011095605}.Debug|Any CPU.Build.0 = Debug|Any CPU
		{DBAA84D3-718E-4CE1-81ED-9FF011095605}.Debug|Mixed Platforms.ActiveCfg = Debug|Any CPU
		{DBAA84D3-718E-4CE1-81ED-9FF011095605}.Debug|Mixed Platforms.Build.0 = Debug|Any CPU
		{DBAA84D3-718E-4CE1-81ED-9FF011095605}.Debug|x86.ActiveCfg = Debug|Any CPU
		{DBAA84D3-718E-4CE1-81ED-9FF011095605}.PackageBeITMemcached|Any CPU.ActiveCfg = Release|Any CPU
		{DBAA84D3-718E-4CE1-81ED-9FF011095605}.PackageBeITMemcached|Any CPU.Build.0 = Release|Any CPU
		{DBAA84D3-718E-4CE1-81ED-9FF011095605}.PackageBeITMemcached|Mixed Platforms.ActiveCfg = Release|Any CPU
		{DBAA84D3-718E-4CE1-81ED-9FF011095605}.PackageBeITMemcached|Mixed Platforms.Build.0 = Release|Any CPU
		{DBAA84D3-718E-4CE1-81ED-9FF011095605}.PackageBeITMemcached|x86.ActiveCfg = Release|Any CPU
		{DBAA84D3-718E-4CE1-81ED-9FF011095605}.PackageJoyRuntime|Any CPU.ActiveCfg = Release|Any CPU
		{DBAA84D3-718E-4CE1-81ED-9FF011095605}.PackageJoyRuntime|Any CPU.Build.0 = Release|Any CPU
		{DBAA84D3-718E-4CE1-81ED-9FF011095605}.PackageJoyRuntime|Mixed Platforms.ActiveCfg = Release|Any CPU
		{DBAA84D3-718E-4CE1-81ED-9FF011095605}.PackageJoyRuntime|Mixed Platforms.Build.0 = Release|Any CPU
		{DBAA84D3-718E-4CE1-81ED-9FF011095605}.PackageJoyRuntime|x86.ActiveCfg = Release|Any CPU
		{DBAA84D3-718E-4CE1-81ED-9FF011095605}.PackageOctopusBase|Any CPU.ActiveCfg = Release|Any CPU
		{DBAA84D3-718E-4CE1-81ED-9FF011095605}.PackageOctopusBase|Any CPU.Build.0 = Release|Any CPU
		{DBAA84D3-718E-4CE1-81ED-9FF011095605}.PackageOctopusBase|Mixed Platforms.ActiveCfg = Release|Any CPU
		{DBAA84D3-718E-4CE1-81ED-9FF011095605}.PackageOctopusBase|Mixed Platforms.Build.0 = Release|Any CPU
		{DBAA84D3-718E-4CE1-81ED-9FF011095605}.PackageOctopusBase|x86.ActiveCfg = Release|Any CPU
		{DBAA84D3-718E-4CE1-81ED-9FF011095605}.PackageOctopusEsb|Any CPU.ActiveCfg = Release|Any CPU
		{DBAA84D3-718E-4CE1-81ED-9FF011095605}.PackageOctopusEsb|Any CPU.Build.0 = Release|Any CPU
		{DBAA84D3-718E-4CE1-81ED-9FF011095605}.PackageOctopusEsb|Mixed Platforms.ActiveCfg = Release|Any CPU
		{DBAA84D3-718E-4CE1-81ED-9FF011095605}.PackageOctopusEsb|Mixed Platforms.Build.0 = Release|Any CPU
		{DBAA84D3-718E-4CE1-81ED-9FF011095605}.PackageOctopusEsb|x86.ActiveCfg = Release|Any CPU
		{DBAA84D3-718E-4CE1-81ED-9FF011095605}.PackageOctopusRuntime|Any CPU.ActiveCfg = Release|Any CPU
		{DBAA84D3-718E-4CE1-81ED-9FF011095605}.PackageOctopusRuntime|Any CPU.Build.0 = Release|Any CPU
		{DBAA84D3-718E-4CE1-81ED-9FF011095605}.PackageOctopusRuntime|Mixed Platforms.ActiveCfg = Release|Any CPU
		{DBAA84D3-718E-4CE1-81ED-9FF011095605}.PackageOctopusRuntime|Mixed Platforms.Build.0 = Release|Any CPU
		{DBAA84D3-718E-4CE1-81ED-9FF011095605}.PackageOctopusRuntime|x86.ActiveCfg = Release|Any CPU
		{DBAA84D3-718E-4CE1-81ED-9FF011095605}.Release|Any CPU.ActiveCfg = Release|Any CPU
		{DBAA84D3-718E-4CE1-81ED-9FF011095605}.Release|Any CPU.Build.0 = Release|Any CPU
		{DBAA84D3-718E-4CE1-81ED-9FF011095605}.Release|Mixed Platforms.ActiveCfg = Release|Any CPU
		{DBAA84D3-718E-4CE1-81ED-9FF011095605}.Release|Mixed Platforms.Build.0 = Release|Any CPU
		{DBAA84D3-718E-4CE1-81ED-9FF011095605}.Release|x86.ActiveCfg = Release|Any CPU
		{34A2493E-41DD-4FB7-A828-086E10574744}.Debug|Any CPU.ActiveCfg = Debug|Any CPU
		{34A2493E-41DD-4FB7-A828-086E10574744}.Debug|Any CPU.Build.0 = Debug|Any CPU
		{34A2493E-41DD-4FB7-A828-086E10574744}.Debug|Mixed Platforms.ActiveCfg = Debug|Any CPU
		{34A2493E-41DD-4FB7-A828-086E10574744}.Debug|Mixed Platforms.Build.0 = Debug|Any CPU
		{34A2493E-41DD-4FB7-A828-086E10574744}.Debug|x86.ActiveCfg = Debug|Any CPU
		{34A2493E-41DD-4FB7-A828-086E10574744}.PackageBeITMemcached|Any CPU.ActiveCfg = Release|Any CPU
		{34A2493E-41DD-4FB7-A828-086E10574744}.PackageBeITMemcached|Any CPU.Build.0 = Release|Any CPU
		{34A2493E-41DD-4FB7-A828-086E10574744}.PackageBeITMemcached|Mixed Platforms.ActiveCfg = Release|Any CPU
		{34A2493E-41DD-4FB7-A828-086E10574744}.PackageBeITMemcached|Mixed Platforms.Build.0 = Release|Any CPU
		{34A2493E-41DD-4FB7-A828-086E10574744}.PackageBeITMemcached|x86.ActiveCfg = Release|Any CPU
		{34A2493E-41DD-4FB7-A828-086E10574744}.PackageJoyRuntime|Any CPU.ActiveCfg = Release|Any CPU
		{34A2493E-41DD-4FB7-A828-086E10574744}.PackageJoyRuntime|Any CPU.Build.0 = Release|Any CPU
		{34A2493E-41DD-4FB7-A828-086E10574744}.PackageJoyRuntime|Mixed Platforms.ActiveCfg = Release|Any CPU
		{34A2493E-41DD-4FB7-A828-086E10574744}.PackageJoyRuntime|Mixed Platforms.Build.0 = Release|Any CPU
		{34A2493E-41DD-4FB7-A828-086E10574744}.PackageJoyRuntime|x86.ActiveCfg = Release|Any CPU
		{34A2493E-41DD-4FB7-A828-086E10574744}.PackageOctopusBase|Any CPU.ActiveCfg = Release|Any CPU
		{34A2493E-41DD-4FB7-A828-086E10574744}.PackageOctopusBase|Any CPU.Build.0 = Release|Any CPU
		{34A2493E-41DD-4FB7-A828-086E10574744}.PackageOctopusBase|Mixed Platforms.ActiveCfg = Release|Any CPU
		{34A2493E-41DD-4FB7-A828-086E10574744}.PackageOctopusBase|Mixed Platforms.Build.0 = Release|Any CPU
		{34A2493E-41DD-4FB7-A828-086E10574744}.PackageOctopusBase|x86.ActiveCfg = Release|Any CPU
		{34A2493E-41DD-4FB7-A828-086E10574744}.PackageOctopusEsb|Any CPU.ActiveCfg = Release|Any CPU
		{34A2493E-41DD-4FB7-A828-086E10574744}.PackageOctopusEsb|Any CPU.Build.0 = Release|Any CPU
		{34A2493E-41DD-4FB7-A828-086E10574744}.PackageOctopusEsb|Mixed Platforms.ActiveCfg = Release|Any CPU
		{34A2493E-41DD-4FB7-A828-086E10574744}.PackageOctopusEsb|Mixed Platforms.Build.0 = Release|Any CPU
		{34A2493E-41DD-4FB7-A828-086E10574744}.PackageOctopusEsb|x86.ActiveCfg = Release|Any CPU
		{34A2493E-41DD-4FB7-A828-086E10574744}.PackageOctopusRuntime|Any CPU.ActiveCfg = Release|Any CPU
		{34A2493E-41DD-4FB7-A828-086E10574744}.PackageOctopusRuntime|Any CPU.Build.0 = Release|Any CPU
		{34A2493E-41DD-4FB7-A828-086E10574744}.PackageOctopusRuntime|Mixed Platforms.ActiveCfg = Release|Any CPU
		{34A2493E-41DD-4FB7-A828-086E10574744}.PackageOctopusRuntime|Mixed Platforms.Build.0 = Release|Any CPU
		{34A2493E-41DD-4FB7-A828-086E10574744}.PackageOctopusRuntime|x86.ActiveCfg = Release|Any CPU
		{34A2493E-41DD-4FB7-A828-086E10574744}.Release|Any CPU.ActiveCfg = Release|Any CPU
		{34A2493E-41DD-4FB7-A828-086E10574744}.Release|Any CPU.Build.0 = Release|Any CPU
		{34A2493E-41DD-4FB7-A828-086E10574744}.Release|Mixed Platforms.ActiveCfg = Release|Any CPU
		{34A2493E-41DD-4FB7-A828-086E10574744}.Release|Mixed Platforms.Build.0 = Release|Any CPU
		{34A2493E-41DD-4FB7-A828-086E10574744}.Release|x86.ActiveCfg = Release|Any CPU
	EndGlobalSection
	GlobalSection(SolutionProperties) = preSolution
		HideSolutionNode = FALSE
	EndGlobalSection
	GlobalSection(NestedProjects) = preSolution
		{8757B18D-E56B-4107-8DC6-8AEED133D69B} = {23C972B5-DDA2-46A2-8C67-1FA596AC2796}
		{A290324D-3EEA-432B-8A21-250CA7BF55DB} = {23C972B5-DDA2-46A2-8C67-1FA596AC2796}
		{DBAA84D3-718E-4CE1-81ED-9FF011095605} = {23C972B5-DDA2-46A2-8C67-1FA596AC2796}
		{34A2493E-41DD-4FB7-A828-086E10574744} = {23C972B5-DDA2-46A2-8C67-1FA596AC2796}
	EndGlobalSection
	GlobalSection(TestCaseManagementSettings) = postSolution
		CategoryFile = FrameworkSolution.vsmdi
	EndGlobalSection
EndGlobal
